
Microsoft Visual Studio Solution File, Format Version 12.00
# Visual Studio Version 17
VisualStudioVersion = 17.1.32210.238
MinimumVisualStudioVersion = 10.0.40219.1
Project("{FAE04EC0-301F-11D3-BF4B-00C04F79EFBC}") = "RyzenTuner", "RyzenTuner.csproj", "{EBC428A6-134E-4B8B-8B89-3595FF804785}"
EndProject
Global
	GlobalSection(SolutionConfigurationPlatforms) = preSolution
		Release|Any CPU = Release|Any CPU
	EndGlobalSection
	GlobalSection(ProjectConfigurationPlatforms) = postSolution
		{EBC428A6-134E-4B8B-8B89-3595FF804785}.Release|Any CPU.ActiveCfg = Release|Any CPU
		{EBC428A6-134E-4B8B-8B89-3595FF804785}.Release|Any CPU.Build.0 = Release|Any CPU
	EndGlobalSection
	GlobalSection(SolutionProperties) = preSolution
		HideSolutionNode = FALSE
	EndGlobalSection
	GlobalSection(ExtensibilityGlobals) = postSolution
		SolutionGuid = {F11E1A3C-B828-4300-A194-F827D77B8C63}
	EndGlobalSection
EndGlobal
